# THIS IS AN AUTOGENERATED FILE. DO NOT EDIT THIS FILE DIRECTLY.
# yarn lockfile v1


debounce@^2.0.0:
  version "2.0.0"
  resolved "https://registry.yarnpkg.com/debounce/-/debounce-2.0.0.tgz#b2f914518a1481466f4edaee0b063e4d473ad549"
  integrity sha512-xRetU6gL1VJbs85Mc4FoEGSjQxzpdxRyFhe3lmWFyy2EzydIcD4xzUvRJMD+NPDfMwKNhxa3PvsIOU32luIWeA==
